PODS:
  - Realm (10.28.6):
    - Realm/Headers (= 10.28.6)
  - Realm/Headers (10.28.6)
  - RealmSwift (10.28.6):
    - Realm (= 10.28.6)

DEPENDENCIES:
  - RealmSwift

SPEC REPOS:
  trunk:
    - Realm
    - RealmSwift

SPEC CHECKSUMS:
  Realm: 9b12f16a14446d7d46a9e36225d0a0332a6ec739
  RealmSwift: 5927726fce21005f43b1fb57c832297a22031bfc

PODFILE CHECKSUM: cd1c77c2088efff5feb9e98b92c22caab08c4df0

COCOAPODS: 1.11.3
